// !$*UTF8*$!
{
	archiveVersion = 1;
	classes = {
	};
	objectVersion = 60;
	objects = {

/* Begin PBXBuildFile section */
		DB9F7E942C4389910003D670 /* kumparantest2021App.swift in Sources */ = {isa = PBXBuildFile; fileRef = DB9F7E932C4389910003D670 /* kumparantest2021App.swift */; };
		DB9F7E962C4389910003D670 /* ContentView.swift in Sources */ = {isa = PBXBuildFile; fileRef = DB9F7E952C4389910003D670 /* ContentView.swift */; };
		DB9F7E982C4389920003D670 /* Assets.xcassets in Resources */ = {isa = PBXBuildFile; fileRef = DB9F7E972C4389920003D670 /* Assets.xcassets */; };
		DB9F7E9B2C4389920003D670 /* Preview Assets.xcassets in Resources */ = {isa = PBXBuildFile; fileRef = DB9F7E9A2C4389920003D670 /* Preview Assets.xcassets */; };
		DB9F7EA52C4389920003D670 /* kumparantest2021Tests.swift in Sources */ = {isa = PBXBuildFile; fileRef = DB9F7EA42C4389920003D670 /* kumparantest2021Tests.swift */; };
		DB9F7EAF2C4389920003D670 /* kumparantest2021UITests.swift in Sources */ = {isa = PBXBuildFile; fileRef = DB9F7EAE2C4389920003D670 /* kumparantest2021UITests.swift */; };
		DB9F7EB12C4389920003D670 /* kumparantest2021UITestsLaunchTests.swift in Sources */ = {isa = PBXBuildFile; fileRef = DB9F7EB02C4389920003D670 /* kumparantest2021UITestsLaunchTests.swift */; };
/* End PBXBuildFile section */

/* Begin PBXContainerItemProxy section */
		DB9F7EA12C4389920003D670 /* PBXContainerItemProxy */ = {
			isa = PBXContainerItemProxy;
			containerPortal = DB9F7E882C4389910003D670 /* Project object */;
			proxyType = 1;
			remoteGlobalIDString = DB9F7E8F2C4389910003D670;
			remoteInfo = kumparantest2021;
		};
		DB9F7EAB2C4389920003D670 /* PBXContainerItemProxy */ = {
			isa = PBXContainerItemProxy;
			containerPortal = DB9F7E882C4389910003D670 /* Project object */;
			proxyType = 1;
			remoteGlobalIDString = DB9F7E8F2C4389910003D670;
			remoteInfo = kumparantest2021;
		};
/* End PBXContainerItemProxy section */

/* Begin PBXFileReference section */
		DB9F7E902C4389910003D670 /* kumparantest2021.app */ = {isa = PBXFileReference; explicitFileType = wrapper.application; includeInIndex = 0; path = kumparantest2021.app; sourceTree = BUILT_PRODUCTS_DIR; };
		DB9F7E932C4389910003D670 /* kumparantest2021App.swift */ = {isa = PBXFileReference; lastKnownFileType = sourcecode.swift; path = kumparantest2021App.swift; sourceTree = "<group>"; };
		DB9F7E952C4389910003D670 /* ContentView.swift */ = {isa = PBXFileReference; lastKnownFileType = sourcecode.swift; path = ContentView.swift; sourceTree = "<group>"; };
		DB9F7E972C4389920003D670 /* Assets.xcassets */ = {isa = PBXFileReference; lastKnownFileType = folder.assetcatalog; path = Assets.xcassets; sourceTree = "<group>"; };
		DB9F7E9A2C4389920003D670 /* Preview Assets.xcassets */ = {isa = PBXFileReference; lastKnownFileType = folder.assetcatalog; path = "Preview Assets.xcassets"; sourceTree = "<group>"; };
		DB9F7EA02C4389920003D670 /* kumparantest2021Tests.xctest */ = {isa = PBXFileReference; explicitFileType = wrapper.cfbundle; includeInIndex = 0; path = kumparantest2021Tests.xctest; sourceTree = BUILT_PRODUCTS_DIR; };
		DB9F7EA42C4389920003D670 /* kumparantest2021Tests.swift */ = {isa = PBXFileReference; lastKnownFileType = sourcecode.swift; path = kumparantest2021Tests.swift; sourceTree = "<group>"; };
		DB9F7EAA2C4389920003D670 /* kumparantest2021UITests.xctest */ = {isa = PBXFileReference; explicitFileType = wrapper.cfbundle; includeInIndex = 0; path = kumparantest2021UITests.xctest; sourceTree = BUILT_PRODUCTS_DIR; };
		DB9F7EAE2C4389920003D670 /* kumparantest2021UITests.swift */ = {isa = PBXFileReference; lastKnownFileType = sourcecode.swift; path = kumparantest2021UITests.swift; sourceTree = "<group>"; };
		DB9F7EB02C4389920003D670 /* kumparantest2021UITestsLaunchTests.swift */ = {isa = PBXFileReference; lastKnownFileType = sourcecode.swift; path = kumparantest2021UITestsLaunchTests.swift; sourceTree = "<group>"; };
/* End PBXFileReference section */

/* Begin PBXFrameworksBuildPhase section */
		DB9F7E8D2C4389910003D670 /* Frameworks */ = {
			isa = PBXFrameworksBuildPhase;
			buildActionMask = 2147483647;
			files = (
			);
			runOnlyForDeploymentPostprocessing = 0;
		};
		DB9F7E9D2C4389920003D670 /* Frameworks */ = {
			isa = PBXFrameworksBuildPhase;
			buildActionMask = 2147483647;
			files = (
			);
			runOnlyForDeploymentPostprocessing = 0;
		};
		DB9F7EA72C4389920003D670 /* Frameworks */ = {
			isa = PBXFrameworksBuildPhase;
			buildActionMask = 2147483647;
			files = (
			);
			runOnlyForDeploymentPostprocessing = 0;
		};
/* End PBXFrameworksBuildPhase section */

/* Begin PBXGroup section */
		DB9F7E872C4389910003D670 = {
			isa = PBXGroup;
			children = (
				DB9F7E922C4389910003D670 /* kumparantest2021 */,
				DB9F7EA32C4389920003D670 /* kumparantest2021Tests */,
				DB9F7EAD2C4389920003D670 /* kumparantest2021UITests */,
				DB9F7E912C4389910003D670 /* Products */,
			);
			sourceTree = "<group>";
		};
		DB9F7E912C4389910003D670 /* Products */ = {
			isa = PBXGroup;
			children = (
				DB9F7E902C4389910003D670 /* kumparantest2021.app */,
				DB9F7EA02C4389920003D670 /* kumparantest2021Tests.xctest */,
				DB9F7EAA2C4389920003D670 /* kumparantest2021UITests.xctest */,
			);
			name = Products;
			sourceTree = "<group>";
		};
		DB9F7E922C4389910003D670 /* kumparantest2021 */ = {
			isa = PBXGroup;
			children = (
				DB9F7E932C4389910003D670 /* kumparantest2021App.swift */,
				DB9F7E952C4389910003D670 /* ContentView.swift */,
				DB9F7E972C4389920003D670 /* Assets.xcassets */,
				DB9F7E992C4389920003D670 /* Preview Content */,
			);
			path = kumparantest2021;
			sourceTree = "<group>";
		};
		DB9F7E992C4389920003D670 /* Preview Content */ = {
			isa = PBXGroup;
			children = (
				DB9F7E9A2C4389920003D670 /* Preview Assets.xcassets */,
			);
			path = "Preview Content";
			sourceTree = "<group>";
		};
		DB9F7EA32C4389920003D670 /* kumparantest2021Tests */ = {
			isa = PBXGroup;
			children = (
				DB9F7EA42C4389920003D670 /* kumparantest2021Tests.swift */,
			);
			path = kumparantest2021Tests;
			sourceTree = "<group>";
		};
		DB9F7EAD2C4389920003D670 /* kumparantest2021UITests */ = {
			isa = PBXGroup;
			children = (
				DB9F7EAE2C4389920003D670 /* kumparantest2021UITests.swift */,
				DB9F7EB02C4389920003D670 /* kumparantest2021UITestsLaunchTests.swift */,
			);
			path = kumparantest2021UITests;
			sourceTree = "<group>";
		};
/* End PBXGroup section */

/* Begin PBXNativeTarget section */
		DB9F7E8F2C4389910003D670 /* kumparantest2021 */ = {
			isa = PBXNativeTarget;
			buildConfigurationList = DB9F7EB42C4389920003D670 /* Build configuration list for PBXNativeTarget "kumparantest2021" */;
			buildPhases = (
				DB9F7E8C2C4389910003D670 /* Sources */,
				DB9F7E8D2C4389910003D670 /* Frameworks */,
				DB9F7E8E2C4389910003D670 /* Resources */,
			);
			buildRules = (
			);
			dependencies = (
			);
			name = kumparantest2021;
			productName = kumparantest2021;
			productReference = DB9F7E902C4389910003D670 /* kumparantest2021.app */;
			productType = "com.apple.product-type.application";
		};
		DB9F7E9F2C4389920003D670 /* kumparantest2021Tests */ = {
			isa = PBXNativeTarget;
			buildConfigurationList = DB9F7EB72C4389920003D670 /* Build configuration list for PBXNativeTarget "kumparantest2021Tests" */;
			buildPhases = (
				DB9F7E9C2C4389920003D670 /* Sources */,
				DB9F7E9D2C4389920003D670 /* Frameworks */,
				DB9F7E9E2C4389920003D670 /* Resources */,
			);
			buildRules = (
			);
			dependencies = (
				DB9F7EA22C4389920003D670 /* PBXTargetDependency */,
			);
			name = kumparantest2021Tests;
			productName = kumparantest2021Tests;
			productReference = DB9F7EA02C4389920003D670 /* kumparantest2021Tests.xctest */;
			productType = "com.apple.product-type.bundle.unit-test";
		};
		DB9F7EA92C4389920003D670 /* kumparantest2021UITests */ = {
			isa = PBXNativeTarget;
			buildConfigurationList = DB9F7EBA2C4389920003D670 /* Build configuration list for PBXNativeTarget "kumparantest2021UITests" */;
			buildPhases = (
				DB9F7EA62C4389920003D670 /* Sources */,
				DB9F7EA72C4389920003D670 /* Frameworks */,
				DB9F7EA82C4389920003D670 /* Resources */,
			);
			buildRules = (
			);
			dependencies = (
				DB9F7EAC2C4389920003D670 /* PBXTargetDependency */,
			);
			name = kumparantest2021UITests;
			productName = kumparantest2021UITests;
			productReference = DB9F7EAA2C4389920003D670 /* kumparantest2021UITests.xctest */;
			productType = "com.apple.product-type.bundle.ui-testing";
		};
/* End PBXNativeTarget section */

/* Begin PBXProject section */
		DB9F7E882C4389910003D670 /* Project object */ = {
			isa = PBXProject;
			attributes = {
				BuildIndependentTargetsInParallel = 1;
				LastSwiftUpdateCheck = 1600;
				LastUpgradeCheck = 1600;
				TargetAttributes = {
					DB9F7E8F2C4389910003D670 = {
						CreatedOnToolsVersion = 16.0;
					};
					DB9F7E9F2C4389920003D670 = {
						CreatedOnToolsVersion = 16.0;
						TestTargetID = DB9F7E8F2C4389910003D670;
					};
					DB9F7EA92C4389920003D670 = {
						CreatedOnToolsVersion = 16.0;
						TestTargetID = DB9F7E8F2C4389910003D670;
					};
				};
			};
			buildConfigurationList = DB9F7E8B2C4389910003D670 /* Build configuration list for PBXProject "kumparantest2021" */;
			compatibilityVersion = "Xcode 15.0";
			developmentRegion = en;
			hasScannedForEncodings = 0;
			knownRegions = (
				en,
				Base,
			);
			mainGroup = DB9F7E872C4389910003D670;
			productRefGroup = DB9F7E912C4389910003D670 /* Products */;
			projectDirPath = "";
			projectRoot = "";
			targets = (
				DB9F7E8F2C4389910003D670 /* kumparantest2021 */,
				DB9F7E9F2C4389920003D670 /* kumparantest2021Tests */,
				DB9F7EA92C4389920003D670 /* kumparantest2021UITests */,
			);
		};
/* End PBXProject section */

/* Begin PBXResourcesBuildPhase section */
		DB9F7E8E2C4389910003D670 /* Resources */ = {
			isa = PBXResourcesBuildPhase;
			buildActionMask = 2147483647;
			files = (
				DB9F7E9B2C4389920003D670 /* Preview Assets.xcassets in Resources */,
				DB9F7E982C4389920003D670 /* Assets.xcassets in Resources */,
			);
			runOnlyForDeploymentPostprocessing = 0;
		};
		DB9F7E9E2C4389920003D670 /* Resources */ = {
			isa = PBXResourcesBuildPhase;
			buildActionMask = 2147483647;
			files = (
			);
			runOnlyForDeploymentPostprocessing = 0;
		};
		DB9F7EA82C4389920003D670 /* Resources */ = {
			isa = PBXResourcesBuildPhase;
			buildActionMask = 2147483647;
			files = (
			);
			runOnlyForDeploymentPostprocessing = 0;
		};
/* End PBXResourcesBuildPhase section */

/* Begin PBXSourcesBuildPhase section */
		DB9F7E8C2C4389910003D670 /* Sources */ = {
			isa = PBXSourcesBuildPhase;
			buildActionMask = 2147483647;
			files = (
				DB9F7E962C4389910003D670 /* ContentView.swift in Sources */,
				DB9F7E942C4389910003D670 /* kumparantest2021App.swift in Sources */,
			);
			runOnlyForDeploymentPostprocessing = 0;
		};
		DB9F7E9C2C4389920003D670 /* Sources */ = {
			isa = PBXSourcesBuildPhase;
			buildActionMask = 2147483647;
			files = (
				DB9F7EA52C4389920003D670 /* kumparantest2021Tests.swift in Sources */,
			);
			runOnlyForDeploymentPostprocessing = 0;
		};
		DB9F7EA62C4389920003D670 /* Sources */ = {
			isa = PBXSourcesBuildPhase;
			buildActionMask = 2147483647;
			files = (
				DB9F7EB12C4389920003D670 /* kumparantest2021UITestsLaunchTests.swift in Sources */,
				DB9F7EAF2C4389920003D670 /* kumparantest2021UITests.swift in Sources */,
			);
			runOnlyForDeploymentPostprocessing = 0;
		};
/* End PBXSourcesBuildPhase section */

/* Begin PBXTargetDependency section */
		DB9F7EA22C4389920003D670 /* PBXTargetDependency */ = {
			isa = PBXTargetDependency;
			target = DB9F7E8F2C4389910003D670 /* kumparantest2021 */;
			targetProxy = DB9F7EA12C4389920003D670 /* PBXContainerItemProxy */;
		};
		DB9F7EAC2C4389920003D670 /* PBXTargetDependency */ = {
			isa = PBXTargetDependency;
			target = DB9F7E8F2C4389910003D670 /* kumparantest2021 */;
			targetProxy = DB9F7EAB2C4389920003D670 /* PBXContainerItemProxy */;
		};
/* End PBXTargetDependency section */

/* Begin XCBuildConfiguration section */
		DB9F7EB22C4389920003D670 /* Debug */ = {
			isa = XCBuildConfiguration;
			buildSettings = {
				ALWAYS_SEARCH_USER_PATHS = NO;
				ASSETCATALOG_COMPILER_GENERATE_SWIFT_ASSET_SYMBOL_EXTENSIONS = YES;
				CLANG_ANALYZER_NONNULL = YES;
				CLANG_ANALYZER_NUMBER_OBJECT_CONVERSION = YES_AGGRESSIVE;
				CLANG_CXX_LANGUAGE_STANDARD = "gnu++20";
				CLANG_ENABLE_MODULES = YES;
				CLANG_ENABLE_OBJC_ARC = YES;
				CLANG_ENABLE_OBJC_WEAK = YES;
				CLANG_WARN_BLOCK_CAPTURE_AUTORELEASING = YES;
				CLANG_WARN_BOOL_CONVERSION = YES;
				CLANG_WARN_COMMA = YES;
				CLANG_WARN_CONSTANT_CONVERSION = YES;
				CLANG_WARN_DEPRECATED_OBJC_IMPLEMENTATIONS = YES;
				CLANG_WARN_DIRECT_OBJC_ISA_USAGE = YES_ERROR;
				CLANG_WARN_DOCUMENTATION_COMMENTS = YES;
				CLANG_WARN_EMPTY_BODY = YES;
				CLANG_WARN_ENUM_CONVERSION = YES;
				CLANG_WARN_INFINITE_RECURSION = YES;
				CLANG_WARN_INT_CONVERSION = YES;
				CLANG_WARN_NON_LITERAL_NULL_CONVERSION = YES;
				CLANG_WARN_OBJC_IMPLICIT_RETAIN_SELF = YES;
				CLANG_WARN_OBJC_LITERAL_CONVERSION = YES;
				CLANG_WARN_OBJC_ROOT_CLASS = YES_ERROR;
				CLANG_WARN_QUOTED_INCLUDE_IN_FRAMEWORK_HEADER = YES;
				CLANG_WARN_RANGE_LOOP_ANALYSIS = YES;
				CLANG_WARN_STRICT_PROTOTYPES = YES;
				CLANG_WARN_SUSPICIOUS_MOVE = YES;
				CLANG_WARN_UNGUARDED_AVAILABILITY = YES_AGGRESSIVE;
				CLANG_WARN_UNREACHABLE_CODE = YES;
				CLANG_WARN__DUPLICATE_METHOD_MATCH = YES;
				COPY_PHASE_STRIP = NO;
				DEBUG_INFORMATION_FORMAT = dwarf;
				ENABLE_STRICT_OBJC_MSGSEND = YES;
				ENABLE_TESTABILITY = YES;
				ENABLE_USER_SCRIPT_SANDBOXING = YES;
				GCC_C_LANGUAGE_STANDARD = gnu17;
				GCC_DYNAMIC_NO_PIC = NO;
				GCC_NO_COMMON_BLOCKS = YES;
				GCC_OPTIMIZATION_LEVEL = 0;
				GCC_PREPROCESSOR_DEFINITIONS = (
					"DEBUG=1",
					"$(inherited)",
				);
				GCC_WARN_64_TO_32_BIT_CONVERSION = YES;
				GCC_WARN_ABOUT_RETURN_TYPE = YES_ERROR;
				GCC_WARN_UNDECLARED_SELECTOR = YES;
				GCC_WARN_UNINITIALIZED_AUTOS = YES_AGGRESSIVE;
				GCC_WARN_UNUSED_FUNCTION = YES;
				GCC_WARN_UNUSED_VARIABLE = YES;
				IPHONEOS_DEPLOYMENT_TARGET = 18.0;
				LOCALIZATION_PREFERS_STRING_CATALOGS = YES;
				MTL_ENABLE_DEBUG_INFO = INCLUDE_SOURCE;
				MTL_FAST_MATH = YES;
				ONLY_ACTIVE_ARCH = YES;
				SDKROOT = iphoneos;
				SWIFT_ACTIVE_COMPILATION_CONDITIONS = "DEBUG $(inherited)";
				SWIFT_OPTIMIZATION_LEVEL = "-Onone";
			};
			name = Debug;
		};
		DB9F7EB32C4389920003D670 /* Release */ = {
			isa = XCBuildConfiguration;
			buildSettings = {
				ALWAYS_SEARCH_USER_PATHS = NO;
				ASSETCATALOG_COMPILER_GENERATE_SWIFT_ASSET_SYMBOL_EXTENSIONS = YES;
				CLANG_ANALYZER_NONNULL = YES;
				CLANG_ANALYZER_NUMBER_OBJECT_CONVERSION = YES_AGGRESSIVE;
				CLANG_CXX_LANGUAGE_STANDARD = "gnu++20";
				CLANG_ENABLE_MODULES = YES;
				CLANG_ENABLE_OBJC_ARC = YES;
				CLANG_ENABLE_OBJC_WEAK = YES;
				CLANG_WARN_BLOCK_CAPTURE_AUTORELEASING = YES;
				CLANG_WARN_BOOL_CONVERSION = YES;
				CLANG_WARN_COMMA = YES;
				CLANG_WARN_CONSTANT_CONVERSION = YES;
				CLANG_WARN_DEPRECATED_OBJC_IMPLEMENTATIONS = YES;
				CLANG_WARN_DIRECT_OBJC_ISA_USAGE = YES_ERROR;
				CLANG_WARN_DOCUMENTATION_COMMENTS = YES;
				CLANG_WARN_EMPTY_BODY = YES;
				CLANG_WARN_ENUM_CONVERSION = YES;
				CLANG_WARN_INFINITE_RECURSION = YES;
				CLANG_WARN_INT_CONVERSION = YES;
				CLANG_WARN_NON_LITERAL_NULL_CONVERSION = YES;
				CLANG_WARN_OBJC_IMPLICIT_RETAIN_SELF = YES;
				CLANG_WARN_OBJC_LITERAL_CONVERSION = YES;
				CLANG_WARN_OBJC_ROOT_CLASS = YES_ERROR;
				CLANG_WARN_QUOTED_INCLUDE_IN_FRAMEWORK_HEADER = YES;
				CLANG_WARN_RANGE_LOOP_ANALYSIS = YES;
				CLANG_WARN_STRICT_PROTOTYPES = YES;
				CLANG_WARN_SUSPICIOUS_MOVE = YES;
				CLANG_WARN_UNGUARDED_AVAILABILITY = YES_AGGRESSIVE;
				CLANG_WARN_UNREACHABLE_CODE = YES;
				CLANG_WARN__DUPLICATE_METHOD_MATCH = YES;
				COPY_PHASE_STRIP = NO;
				DEBUG_INFORMATION_FORMAT = "dwarf-with-dsym";
				ENABLE_NS_ASSERTIONS = NO;
				ENABLE_STRICT_OBJC_MSGSEND = YES;
				ENABLE_USER_SCRIPT_SANDBOXING = YES;
				GCC_C_LANGUAGE_STANDARD = gnu17;
				GCC_NO_COMMON_BLOCKS = YES;
				GCC_WARN_64_TO_32_BIT_CONVERSION = YES;
				GCC_WARN_ABOUT_RETURN_TYPE = YES_ERROR;
				GCC_WARN_UNDECLARED_SELECTOR = YES;
				GCC_WARN_UNINITIALIZED_AUTOS = YES_AGGRESSIVE;
				GCC_WARN_UNUSED_FUNCTION = YES;
				GCC_WARN_UNUSED_VARIABLE = YES;
				IPHONEOS_DEPLOYMENT_TARGET = 18.0;
				LOCALIZATION_PREFERS_STRING_CATALOGS = YES;
				MTL_ENABLE_DEBUG_INFO = NO;
				MTL_FAST_MATH = YES;
				SDKROOT = iphoneos;
				SWIFT_COMPILATION_MODE = wholemodule;
				VALIDATE_PRODUCT = YES;
			};
			name = Release;
		};
		DB9F7EB52C4389920003D670 /* Debug */ = {
			isa = XCBuildConfiguration;
			buildSettings = {
				ASSETCATALOG_COMPILER_APPICON_NAME = AppIcon;
				ASSETCATALOG_COMPILER_GLOBAL_ACCENT_COLOR_NAME = AccentColor;
				CODE_SIGN_STYLE = Automatic;
				CURRENT_PROJECT_VERSION = 1;
				DEVELOPMENT_ASSET_PATHS = "\"kumparantest2021/Preview Content\"";
				DEVELOPMENT_TEAM = 77Q323D7ZJ;
				ENABLE_PREVIEWS = YES;
				GENERATE_INFOPLIST_FILE = YES;
				INFOPLIST_KEY_UIApplicationSceneManifest_Generation = YES;
				INFOPLIST_KEY_UIApplicationSupportsIndirectInputEvents = YES;
				INFOPLIST_KEY_UILaunchScreen_Generation = YES;
				INFOPLIST_KEY_UISupportedInterfaceOrientations_iPad = "UIInterfaceOrientationPortrait UIInterfaceOrientationPortraitUpsideDown UIInterfaceOrientationLandscapeLeft UIInterfaceOrientationLandscapeRight";
				INFOPLIST_KEY_UISupportedInterfaceOrientations_iPhone = "UIInterfaceOrientationPortrait UIInterfaceOrientationLandscapeLeft UIInterfaceOrientationLandscapeRight";
				LD_RUNPATH_SEARCH_PATHS = (
					"$(inherited)",
					"@executable_path/Frameworks",
				);
				MARKETING_VERSION = 1.0;
				PRODUCT_BUNDLE_IDENTIFIER = com.fancode.kumparantest2021;
				PRODUCT_NAME = "$(TARGET_NAME)";
				SWIFT_EMIT_LOC_STRINGS = YES;
				SWIFT_VERSION = 5.0;
				TARGETED_DEVICE_FAMILY = "1,2";
			};
			name = Debug;
		};
		DB9F7EB62C4389920003D670 /* Release */ = {
			isa = XCBuildConfiguration;
			buildSettings = {
				ASSETCATALOG_COMPILER_APPICON_NAME = AppIcon;
				ASSETCATALOG_COMPILER_GLOBAL_ACCENT_COLOR_NAME = AccentColor;
				CODE_SIGN_STYLE = Automatic;
				CURRENT_PROJECT_VERSION = 1;
				DEVELOPMENT_ASSET_PATHS = "\"kumparantest2021/Preview Content\"";
				DEVELOPMENT_TEAM = 77Q323D7ZJ;
				ENABLE_PREVIEWS = YES;
				GENERATE_INFOPLIST_FILE = YES;
				INFOPLIST_KEY_UIApplicationSceneManifest_Generation = YES;
				INFOPLIST_KEY_UIApplicationSupportsIndirectInputEvents = YES;
				INFOPLIST_KEY_UILaunchScreen_Generation = YES;
				INFOPLIST_KEY_UISupportedInterfaceOrientations_iPad = "UIInterfaceOrientationPortrait UIInterfaceOrientationPortraitUpsideDown UIInterfaceOrientationLandscapeLeft UIInterfaceOrientationLandscapeRight";
				INFOPLIST_KEY_UISupportedInterfaceOrientations_iPhone = "UIInterfaceOrientationPortrait UIInterfaceOrientationLandscapeLeft UIInterfaceOrientationLandscapeRight";
				LD_RUNPATH_SEARCH_PATHS = (
					"$(inherited)",
					"@executable_path/Frameworks",
				);
				MARKETING_VERSION = 1.0;
				PRODUCT_BUNDLE_IDENTIFIER = com.fancode.kumparantest2021;
				PRODUCT_NAME = "$(TARGET_NAME)";
				SWIFT_EMIT_LOC_STRINGS = YES;
				SWIFT_VERSION = 5.0;
				TARGETED_DEVICE_FAMILY = "1,2";
			};
			name = Release;
		};
		DB9F7EB82C4389920003D670 /* Debug */ = {
			isa = XCBuildConfiguration;
			buildSettings = {
				BUNDLE_LOADER = "$(TEST_HOST)";
				CODE_SIGN_STYLE = Automatic;
				CURRENT_PROJECT_VERSION = 1;
				DEVELOPMENT_TEAM = 77Q323D7ZJ;
				GENERATE_INFOPLIST_FILE = YES;
				IPHONEOS_DEPLOYMENT_TARGET = 18.0;
				MARKETING_VERSION = 1.0;
				PRODUCT_BUNDLE_IDENTIFIER = com.fancode.kumparantest2021Tests;
				PRODUCT_NAME = "$(TARGET_NAME)";
				SWIFT_EMIT_LOC_STRINGS = NO;
				SWIFT_VERSION = 5.0;
				TARGETED_DEVICE_FAMILY = "1,2";
				TEST_HOST = "$(BUILT_PRODUCTS_DIR)/kumparantest2021.app/$(BUNDLE_EXECUTABLE_FOLDER_PATH)/kumparantest2021";
			};
			name = Debug;
		};
		DB9F7EB92C4389920003D670 /* Release */ = {
			isa = XCBuildConfiguration;
			buildSettings = {
				BUNDLE_LOADER = "$(TEST_HOST)";
				CODE_SIGN_STYLE = Automatic;
				CURRENT_PROJECT_VERSION = 1;
				DEVELOPMENT_TEAM = 77Q323D7ZJ;
				GENERATE_INFOPLIST_FILE = YES;
				IPHONEOS_DEPLOYMENT_TARGET = 18.0;
				MARKETING_VERSION = 1.0;
				PRODUCT_BUNDLE_IDENTIFIER = com.fancode.kumparantest2021Tests;
				PRODUCT_NAME = "$(TARGET_NAME)";
				SWIFT_EMIT_LOC_STRINGS = NO;
				SWIFT_VERSION = 5.0;
				TARGETED_DEVICE_FAMILY = "1,2";
				TEST_HOST = "$(BUILT_PRODUCTS_DIR)/kumparantest2021.app/$(BUNDLE_EXECUTABLE_FOLDER_PATH)/kumparantest2021";
			};
			name = Release;
		};
		DB9F7EBB2C4389920003D670 /* Debug */ = {
			isa = XCBuildConfiguration;
			buildSettings = {
				CODE_SIGN_STYLE = Automatic;
				CURRENT_PROJECT_VERSION = 1;
				DEVELOPMENT_TEAM = 77Q323D7ZJ;
				GENERATE_INFOPLIST_FILE = YES;
				MARKETING_VERSION = 1.0;
				PRODUCT_BUNDLE_IDENTIFIER = com.fancode.kumparantest2021UITests;
				PRODUCT_NAME = "$(TARGET_NAME)";
				SWIFT_EMIT_LOC_STRINGS = NO;
				SWIFT_VERSION = 5.0;
				TARGETED_DEVICE_FAMILY = "1,2";
				TEST_TARGET_NAME = kumparantest2021;
			};
			name = Debug;
		};
		DB9F7EBC2C4389920003D670 /* Release */ = {
			isa = XCBuildConfiguration;
			buildSettings = {
				CODE_SIGN_STYLE = Automatic;
				CURRENT_PROJECT_VERSION = 1;
				DEVELOPMENT_TEAM = 77Q323D7ZJ;
				GENERATE_INFOPLIST_FILE = YES;
				MARKETING_VERSION = 1.0;
				PRODUCT_BUNDLE_IDENTIFIER = com.fancode.kumparantest2021UITests;
				PRODUCT_NAME = "$(TARGET_NAME)";
				SWIFT_EMIT_LOC_STRINGS = NO;
				SWIFT_VERSION = 5.0;
				TARGETED_DEVICE_FAMILY = "1,2";
				TEST_TARGET_NAME = kumparantest2021;
			};
			name = Release;
		};
/* End XCBuildConfiguration section */

/* Begin XCConfigurationList section */
		DB9F7E8B2C4389910003D670 /* Build configuration list for PBXProject "kumparantest2021" */ = {
			isa = XCConfigurationList;
			buildConfigurations = (
				DB9F7EB22C4389920003D670 /* Debug */,
				DB9F7EB32C4389920003D670 /* Release */,
			);
			defaultConfigurationIsVisible = 0;
			defaultConfigurationName = Release;
		};
		DB9F7EB42C4389920003D670 /* Build configuration list for PBXNativeTarget "kumparantest2021" */ = {
			isa = XCConfigurationList;
			buildConfigurations = (
				DB9F7EB52C4389920003D670 /* Debug */,
				DB9F7EB62C4389920003D670 /* Release */,
			);
			defaultConfigurationIsVisible = 0;
			defaultConfigurationName = Release;
		};
		DB9F7EB72C4389920003D670 /* Build configuration list for PBXNativeTarget "kumparantest2021Tests" */ = {
			isa = XCConfigurationList;
			buildConfigurations = (
				DB9F7EB82C4389920003D670 /* Debug */,
				DB9F7EB92C4389920003D670 /* Release */,
			);
			defaultConfigurationIsVisible = 0;
			defaultConfigurationName = Release;
		};
		DB9F7EBA2C4389920003D670 /* Build configuration list for PBXNativeTarget "kumparantest2021UITests" */ = {
			isa = XCConfigurationList;
			buildConfigurations = (
				DB9F7EBB2C4389920003D670 /* Debug */,
				DB9F7EBC2C4389920003D670 /* Release */,
			);
			defaultConfigurationIsVisible = 0;
			defaultConfigurationName = Release;
		};
/* End XCConfigurationList section */
	};
	rootObject = DB9F7E882C4389910003D670 /* Project object */;
}
